
Microsoft Visual Studio Solution File, Format Version 12.00
# Visual Studio 14
VisualStudioVersion = 14.0.25420.1
MinimumVisualStudioVersion = 10.0.40219.1
Project("{FAE04EC0-301F-11D3-BF4B-00C04F79EFBC}") = "hello", "ennen_git\hello.csproj", "{0E3B037A-5A1E-4DB2-BA47-2E5ECE940EE8}"
EndProject
Project("{FAE04EC0-301F-11D3-BF4B-00C04F79EFBC}") = "tehtavia", "tehtavia\tehtavia.csproj", "{7EABDB3C-5BF5-4BE8-B817-4F14FFCA918B}"
EndProject
Global
	GlobalSection(SolutionConfigurationPlatforms) = preSolution
		Debug|Any CPU = Debug|Any CPU
		Release|Any CPU = Release|Any CPU
	EndGlobalSection
	GlobalSection(ProjectConfigurationPlatforms) = postSolution
		{0E3B037A-5A1E-4DB2-BA47-2E5ECE940EE8}.Debug|Any CPU.ActiveCfg = Debug|Any CPU
		{0E3B037A-5A1E-4DB2-BA47-2E5ECE940EE8}.Debug|Any CPU.Build.0 = Debug|Any CPU
		{0E3B037A-5A1E-4DB2-BA47-2E5ECE940EE8}.Release|Any CPU.ActiveCfg = Release|Any CPU
		{0E3B037A-5A1E-4DB2-BA47-2E5ECE940EE8}.Release|Any CPU.Build.0 = Release|Any CPU
		{7EABDB3C-5BF5-4BE8-B817-4F14FFCA918B}.Debug|Any CPU.ActiveCfg = Debug|Any CPU
		{7EABDB3C-5BF5-4BE8-B817-4F14FFCA918B}.Debug|Any CPU.Build.0 = Debug|Any CPU
		{7EABDB3C-5BF5-4BE8-B817-4F14FFCA918B}.Release|Any CPU.ActiveCfg = Release|Any CPU
		{7EABDB3C-5BF5-4BE8-B817-4F14FFCA918B}.Release|Any CPU.Build.0 = Release|Any CPU
	EndGlobalSection
	GlobalSection(SolutionProperties) = preSolution
		HideSolutionNode = FALSE
	EndGlobalSection
EndGlobal
